// !$*UTF8*$!
{
	archiveVersion = 1;
	classes = {
	};
	objectVersion = 46;
	objects = {

/* Begin PBXBuildFile section */
		5522A6F0236282A20020FEE2 /* WavFile.cpp in Sources */ = {isa = PBXBuildFile; fileRef = 5522A6EF236282A20020FEE2 /* WavFile.cpp */; };
		5522A6F2236282A90020FEE2 /* fftsg_h.cpp in Sources */ = {isa = PBXBuildFile; fileRef = 5522A6F1236282A90020FEE2 /* fftsg_h.cpp */; };
		55927D5518B432350027FC40 /* NoiseTest.cpp in Sources */ = {isa = PBXBuildFile; fileRef = 55927D5418B432350027FC40 /* NoiseTest.cpp */; };
/* End PBXBuildFile section */

/* Begin PBXCopyFilesBuildPhase section */
		5579ADEB18B42863008C0E80 /* CopyFiles */ = {
			isa = PBXCopyFilesBuildPhase;
			buildActionMask = 2147483647;
			dstPath = /usr/share/man/man1/;
			dstSubfolderSpec = 0;
			files = (
			);
			runOnlyForDeploymentPostprocessing = 1;
		};
/* End PBXCopyFilesBuildPhase section */

/* Begin PBXFileReference section */
		5522A6EE236282A20020FEE2 /* WavFile.h */ = {isa = PBXFileReference; fileEncoding = 4; lastKnownFileType = sourcecode.c.h; path = WavFile.h; sourceTree = "<group>"; };
		5522A6EF236282A20020FEE2 /* WavFile.cpp */ = {isa = PBXFileReference; fileEncoding = 4; lastKnownFileType = sourcecode.cpp.cpp; path = WavFile.cpp; sourceTree = "<group>"; };
		5522A6F1236282A90020FEE2 /* fftsg_h.cpp */ = {isa = PBXFileReference; fileEncoding = 4; lastKnownFileType = sourcecode.cpp.cpp; path = fftsg_h.cpp; sourceTree = "<group>"; };
		5579ADED18B42863008C0E80 /* NoiseTest */ = {isa = PBXFileReference; explicitFileType = "compiled.mach-o.executable"; includeInIndex = 0; path = NoiseTest; sourceTree = BUILT_PRODUCTS_DIR; };
		55927D5418B432350027FC40 /* NoiseTest.cpp */ = {isa = PBXFileReference; fileEncoding = 4; lastKnownFileType = sourcecode.cpp.cpp; path = NoiseTest.cpp; sourceTree = SOURCE_ROOT; };
/* End PBXFileReference section */

/* Begin PBXFrameworksBuildPhase section */
		5579ADEA18B42863008C0E80 /* Frameworks */ = {
			isa = PBXFrameworksBuildPhase;
			buildActionMask = 2147483647;
			files = (
			);
			runOnlyForDeploymentPostprocessing = 0;
		};
/* End PBXFrameworksBuildPhase section */

/* Begin PBXGroup section */
		5579ADE418B42863008C0E80 = {
			isa = PBXGroup;
			children = (
				55927D5318B4322E0027FC40 /* NoiseTest */,
				5579ADEE18B42863008C0E80 /* Products */,
			);
			sourceTree = "<group>";
		};
		5579ADEE18B42863008C0E80 /* Products */ = {
			isa = PBXGroup;
			children = (
				5579ADED18B42863008C0E80 /* NoiseTest */,
			);
			name = Products;
			sourceTree = "<group>";
		};
		55927D5318B4322E0027FC40 /* NoiseTest */ = {
			isa = PBXGroup;
			children = (
				55927D5418B432350027FC40 /* NoiseTest.cpp */,
				5522A6EF236282A20020FEE2 /* WavFile.cpp */,
				5522A6F1236282A90020FEE2 /* fftsg_h.cpp */,
				5522A6EE236282A20020FEE2 /* WavFile.h */,
			);
			name = NoiseTest;
			sourceTree = "<group>";
		};
/* End PBXGroup section */

/* Begin PBXNativeTarget section */
		5579ADEC18B42863008C0E80 /* NoiseTest */ = {
			isa = PBXNativeTarget;
			buildConfigurationList = 5579ADF618B42863008C0E80 /* Build configuration list for PBXNativeTarget "NoiseTest" */;
			buildPhases = (
				5579ADE918B42863008C0E80 /* Sources */,
				5579ADEA18B42863008C0E80 /* Frameworks */,
				5579ADEB18B42863008C0E80 /* CopyFiles */,
			);
			buildRules = (
			);
			dependencies = (
			);
			name = NoiseTest;
			productName = NoiseTest;
			productReference = 5579ADED18B42863008C0E80 /* NoiseTest */;
			productType = "com.apple.product-type.tool";
		};
/* End PBXNativeTarget section */

/* Begin PBXProject section */
		5579ADE518B42863008C0E80 /* Project object */ = {
			isa = PBXProject;
			attributes = {
				LastUpgradeCheck = 0500;
				ORGANIZATIONNAME = DMGAudio;
			};
			buildConfigurationList = 5579ADE818B42863008C0E80 /* Build configuration list for PBXProject "NoiseTest" */;
			compatibilityVersion = "Xcode 3.2";
			developmentRegion = English;
			hasScannedForEncodings = 0;
			knownRegions = (
				en,
			);
			mainGroup = 5579ADE418B42863008C0E80;
			productRefGroup = 5579ADEE18B42863008C0E80 /* Products */;
			projectDirPath = "";
			projectRoot = "";
			targets = (
				5579ADEC18B42863008C0E80 /* NoiseTest */,
			);
		};
/* End PBXProject section */

/* Begin PBXSourcesBuildPhase section */
		5579ADE918B42863008C0E80 /* Sources */ = {
			isa = PBXSourcesBuildPhase;
			buildActionMask = 2147483647;
			files = (
				55927D5518B432350027FC40 /* NoiseTest.cpp in Sources */,
				5522A6F2236282A90020FEE2 /* fftsg_h.cpp in Sources */,
				5522A6F0236282A20020FEE2 /* WavFile.cpp in Sources */,
			);
			runOnlyForDeploymentPostprocessing = 0;
		};
/* End PBXSourcesBuildPhase section */

/* Begin XCBuildConfiguration section */
		5579ADF418B42863008C0E80 /* Debug */ = {
			isa = XCBuildConfiguration;
			buildSettings = {
				ALWAYS_SEARCH_USER_PATHS = NO;
				COPY_PHASE_STRIP = NO;
				GCC_C_LANGUAGE_STANDARD = gnu99;
				GCC_DYNAMIC_NO_PIC = NO;
				GCC_ENABLE_OBJC_EXCEPTIONS = YES;
				GCC_OPTIMIZATION_LEVEL = 0;
				GCC_PREPROCESSOR_DEFINITIONS = (
					"DEBUG=1",
					"$(inherited)",
				);
				GCC_SYMBOLS_PRIVATE_EXTERN = NO;
				GCC_WARN_64_TO_32_BIT_CONVERSION = YES;
				GCC_WARN_ABOUT_RETURN_TYPE = YES_ERROR;
				GCC_WARN_UNDECLARED_SELECTOR = YES;
				GCC_WARN_UNINITIALIZED_AUTOS = YES;
				GCC_WARN_UNUSED_FUNCTION = YES;
				GCC_WARN_UNUSED_VARIABLE = YES;
				ONLY_ACTIVE_ARCH = YES;
				SDKROOT = macosx;
			};
			name = Debug;
		};
		5579ADF518B42863008C0E80 /* Release */ = {
			isa = XCBuildConfiguration;
			buildSettings = {
				ALWAYS_SEARCH_USER_PATHS = NO;
				COPY_PHASE_STRIP = YES;
				DEBUG_INFORMATION_FORMAT = "dwarf-with-dsym";
				GCC_C_LANGUAGE_STANDARD = gnu99;
				GCC_ENABLE_OBJC_EXCEPTIONS = YES;
				GCC_WARN_64_TO_32_BIT_CONVERSION = YES;
				GCC_WARN_ABOUT_RETURN_TYPE = YES_ERROR;
				GCC_WARN_UNDECLARED_SELECTOR = YES;
				GCC_WARN_UNINITIALIZED_AUTOS = YES;
				GCC_WARN_UNUSED_FUNCTION = YES;
				GCC_WARN_UNUSED_VARIABLE = YES;
				SDKROOT = macosx;
			};
			name = Release;
		};
		5579ADF718B42863008C0E80 /* Debug */ = {
			isa = XCBuildConfiguration;
			buildSettings = {
				PRODUCT_NAME = "$(TARGET_NAME)";
			};
			name = Debug;
		};
		5579ADF818B42863008C0E80 /* Release */ = {
			isa = XCBuildConfiguration;
			buildSettings = {
				PRODUCT_NAME = "$(TARGET_NAME)";
			};
			name = Release;
		};
/* End XCBuildConfiguration section */

/* Begin XCConfigurationList section */
		5579ADE818B42863008C0E80 /* Build configuration list for PBXProject "NoiseTest" */ = {
			isa = XCConfigurationList;
			buildConfigurations = (
				5579ADF418B42863008C0E80 /* Debug */,
				5579ADF518B42863008C0E80 /* Release */,
			);
			defaultConfigurationIsVisible = 0;
			defaultConfigurationName = Release;
		};
		5579ADF618B42863008C0E80 /* Build configuration list for PBXNativeTarget "NoiseTest" */ = {
			isa = XCConfigurationList;
			buildConfigurations = (
				5579ADF718B42863008C0E80 /* Debug */,
				5579ADF818B42863008C0E80 /* Release */,
			);
			defaultConfigurationIsVisible = 0;
			defaultConfigurationName = Release;
		};
/* End XCConfigurationList section */
	};
	rootObject = 5579ADE518B42863008C0E80 /* Project object */;
}
